// !$*UTF8*$!
{
	archiveVersion = 1;
	classes = {
	};
	objectVersion = 48;
	objects = {

/* Begin PBXBuildFile section */
		242254A1D92B1E16649BB78C /* Pods_WUPHF.framework in Frameworks */ = {isa = PBXBuildFile; fileRef = 889762957542608E55FD90EE /* Pods_WUPHF.framework */; };
		4488C6221FA6930200E667A7 /* CreateAccountViewController.swift in Sources */ = {isa = PBXBuildFile; fileRef = 4488C6211FA6930200E667A7 /* CreateAccountViewController.swift */; };
		44B4428C1FA6A79400D9F58E /* LoginViewController.swift in Sources */ = {isa = PBXBuildFile; fileRef = 44B4428B1FA6A79400D9F58E /* LoginViewController.swift */; };
		8341A77A1F8AEECF00497C0C /* AppDelegate.swift in Sources */ = {isa = PBXBuildFile; fileRef = 8341A7791F8AEECF00497C0C /* AppDelegate.swift */; };
		8341A77C1F8AEECF00497C0C /* ViewController.swift in Sources */ = {isa = PBXBuildFile; fileRef = 8341A77B1F8AEECF00497C0C /* ViewController.swift */; };
		8341A77F1F8AEECF00497C0C /* Main.storyboard in Resources */ = {isa = PBXBuildFile; fileRef = 8341A77D1F8AEECF00497C0C /* Main.storyboard */; };
		8341A7821F8AEECF00497C0C /* WUPHF.xcdatamodeld in Sources */ = {isa = PBXBuildFile; fileRef = 8341A7801F8AEECF00497C0C /* WUPHF.xcdatamodeld */; };
		8341A7841F8AEECF00497C0C /* Assets.xcassets in Resources */ = {isa = PBXBuildFile; fileRef = 8341A7831F8AEECF00497C0C /* Assets.xcassets */; };
		8341A7871F8AEECF00497C0C /* LaunchScreen.storyboard in Resources */ = {isa = PBXBuildFile; fileRef = 8341A7851F8AEECF00497C0C /* LaunchScreen.storyboard */; };
		83EFCF2F1FA83C0500B16B97 /* App.plist in Resources */ = {isa = PBXBuildFile; fileRef = 83EFCF2E1FA83C0500B16B97 /* App.plist */; };
		83EFCF331FA83C0500B16B97 /* APIHandler.swift in Sources */ = {isa = PBXBuildFile; fileRef = 83EFCF321FA83C0500B16B97 /* APIHandler.swift */; };
		83EFCF351FA83C0500B16B97 /* User.swift in Sources */ = {isa = PBXBuildFile; fileRef = 83EFCF341FA83C0500B16B97 /* User.swift */; };
/* End PBXBuildFile section */

/* Begin PBXFileReference section */
		137DD445024253F5B7245463 /* Pods-WUPHF.release.xcconfig */ = {isa = PBXFileReference; includeInIndex = 1; lastKnownFileType = text.xcconfig; name = "Pods-WUPHF.release.xcconfig"; path = "Pods/Target Support Files/Pods-WUPHF/Pods-WUPHF.release.xcconfig"; sourceTree = "<group>"; };
		149E08DD5BE60B7512985E33 /* Pods-WUPHF.debug.xcconfig */ = {isa = PBXFileReference; includeInIndex = 1; lastKnownFileType = text.xcconfig; name = "Pods-WUPHF.debug.xcconfig"; path = "Pods/Target Support Files/Pods-WUPHF/Pods-WUPHF.debug.xcconfig"; sourceTree = "<group>"; };
		4488C6211FA6930200E667A7 /* CreateAccountViewController.swift */ = {isa = PBXFileReference; lastKnownFileType = sourcecode.swift; path = CreateAccountViewController.swift; sourceTree = "<group>"; };
		44B4428B1FA6A79400D9F58E /* LoginViewController.swift */ = {isa = PBXFileReference; lastKnownFileType = sourcecode.swift; path = LoginViewController.swift; sourceTree = "<group>"; };
		8341A7761F8AEECF00497C0C /* WUPHF.app */ = {isa = PBXFileReference; explicitFileType = wrapper.application; includeInIndex = 0; path = WUPHF.app; sourceTree = BUILT_PRODUCTS_DIR; };
		8341A7791F8AEECF00497C0C /* AppDelegate.swift */ = {isa = PBXFileReference; lastKnownFileType = sourcecode.swift; path = AppDelegate.swift; sourceTree = "<group>"; };
		8341A77B1F8AEECF00497C0C /* ViewController.swift */ = {isa = PBXFileReference; lastKnownFileType = sourcecode.swift; path = ViewController.swift; sourceTree = "<group>"; };
		8341A77E1F8AEECF00497C0C /* Base */ = {isa = PBXFileReference; lastKnownFileType = file.storyboard; name = Base; path = Base.lproj/Main.storyboard; sourceTree = "<group>"; };
		8341A7811F8AEECF00497C0C /* WUPHF.xcdatamodel */ = {isa = PBXFileReference; lastKnownFileType = wrapper.xcdatamodel; path = WUPHF.xcdatamodel; sourceTree = "<group>"; };
		8341A7831F8AEECF00497C0C /* Assets.xcassets */ = {isa = PBXFileReference; lastKnownFileType = folder.assetcatalog; path = Assets.xcassets; sourceTree = "<group>"; };
		8341A7861F8AEECF00497C0C /* Base */ = {isa = PBXFileReference; lastKnownFileType = file.storyboard; name = Base; path = Base.lproj/LaunchScreen.storyboard; sourceTree = "<group>"; };
		8341A7881F8AEECF00497C0C /* Info.plist */ = {isa = PBXFileReference; lastKnownFileType = text.plist.xml; path = Info.plist; sourceTree = "<group>"; };
		83EFCF2E1FA83C0500B16B97 /* App.plist */ = {isa = PBXFileReference; lastKnownFileType = text.plist.xml; path = App.plist; sourceTree = "<group>"; };
		83EFCF321FA83C0500B16B97 /* APIHandler.swift */ = {isa = PBXFileReference; fileEncoding = 4; lastKnownFileType = sourcecode.swift; path = APIHandler.swift; sourceTree = "<group>"; };
		83EFCF341FA83C0500B16B97 /* User.swift */ = {isa = PBXFileReference; lastKnownFileType = sourcecode.swift; path = User.swift; sourceTree = "<group>"; };
		889762957542608E55FD90EE /* Pods_WUPHF.framework */ = {isa = PBXFileReference; explicitFileType = wrapper.framework; includeInIndex = 0; path = Pods_WUPHF.framework; sourceTree = BUILT_PRODUCTS_DIR; };
/* End PBXFileReference section */

/* Begin PBXFrameworksBuildPhase section */
		8341A7731F8AEECF00497C0C /* Frameworks */ = {
			isa = PBXFrameworksBuildPhase;
			buildActionMask = 2147483647;
			files = (
				242254A1D92B1E16649BB78C /* Pods_WUPHF.framework in Frameworks */,
			);
			runOnlyForDeploymentPostprocessing = 0;
		};
/* End PBXFrameworksBuildPhase section */

/* Begin PBXGroup section */
		8341A76D1F8AEECF00497C0C = {
			isa = PBXGroup;
			children = (
				8341A7781F8AEECF00497C0C /* WUPHF */,
				8341A7771F8AEECF00497C0C /* Products */,
				8FCA72466BF308C786358499 /* Pods */,
				E60722F3AD12A0AEE77C8F6D /* Frameworks */,
			);
			sourceTree = "<group>";
		};
		8341A7771F8AEECF00497C0C /* Products */ = {
			isa = PBXGroup;
			children = (
				8341A7761F8AEECF00497C0C /* WUPHF.app */,
			);
			name = Products;
			sourceTree = "<group>";
		};
		8341A7781F8AEECF00497C0C /* WUPHF */ = {
			isa = PBXGroup;
			children = (
				83EFCF321FA83C0500B16B97 /* APIHandler.swift */,
				8341A7791F8AEECF00497C0C /* AppDelegate.swift */,
				8341A77B1F8AEECF00497C0C /* ViewController.swift */,
				8341A77D1F8AEECF00497C0C /* Main.storyboard */,
				8341A7831F8AEECF00497C0C /* Assets.xcassets */,
				8341A7851F8AEECF00497C0C /* LaunchScreen.storyboard */,
				8341A7881F8AEECF00497C0C /* Info.plist */,
				8341A7801F8AEECF00497C0C /* WUPHF.xcdatamodeld */,
				4488C6211FA6930200E667A7 /* CreateAccountViewController.swift */,
				44B4428B1FA6A79400D9F58E /* LoginViewController.swift */,
				83EFCF2E1FA83C0500B16B97 /* App.plist */,
				83EFCF341FA83C0500B16B97 /* User.swift */,
			);
			path = WUPHF;
			sourceTree = "<group>";
		};
		8FCA72466BF308C786358499 /* Pods */ = {
			isa = PBXGroup;
			children = (
				149E08DD5BE60B7512985E33 /* Pods-WUPHF.debug.xcconfig */,
				137DD445024253F5B7245463 /* Pods-WUPHF.release.xcconfig */,
			);
			name = Pods;
			sourceTree = "<group>";
		};
		E60722F3AD12A0AEE77C8F6D /* Frameworks */ = {
			isa = PBXGroup;
			children = (
				889762957542608E55FD90EE /* Pods_WUPHF.framework */,
			);
			name = Frameworks;
			sourceTree = "<group>";
		};
/* End PBXGroup section */

/* Begin PBXNativeTarget section */
		8341A7751F8AEECF00497C0C /* WUPHF */ = {
			isa = PBXNativeTarget;
			buildConfigurationList = 8341A78B1F8AEECF00497C0C /* Build configuration list for PBXNativeTarget "WUPHF" */;
			buildPhases = (
				F4816645B17EB372C630080C /* [CP] Check Pods Manifest.lock */,
				8341A7721F8AEECF00497C0C /* Sources */,
				8341A7731F8AEECF00497C0C /* Frameworks */,
				8341A7741F8AEECF00497C0C /* Resources */,
				4763A4D65908838AA9CCC6D4 /* [CP] Embed Pods Frameworks */,
				3E7C36D59597DDA3B480E99D /* [CP] Copy Pods Resources */,
			);
			buildRules = (
			);
			dependencies = (
			);
			name = WUPHF;
			productName = WUPHF;
			productReference = 8341A7761F8AEECF00497C0C /* WUPHF.app */;
			productType = "com.apple.product-type.application";
		};
/* End PBXNativeTarget section */

/* Begin PBXProject section */
		8341A76E1F8AEECF00497C0C /* Project object */ = {
			isa = PBXProject;
			attributes = {
				LastSwiftUpdateCheck = 0900;
				LastUpgradeCheck = 0900;
				ORGANIZATIONNAME = Group13;
				TargetAttributes = {
					8341A7751F8AEECF00497C0C = {
						CreatedOnToolsVersion = 9.0;
						ProvisioningStyle = Automatic;
					};
				};
			};
			buildConfigurationList = 8341A7711F8AEECF00497C0C /* Build configuration list for PBXProject "WUPHF" */;
			compatibilityVersion = "Xcode 8.0";
			developmentRegion = en;
			hasScannedForEncodings = 0;
			knownRegions = (
				en,
				Base,
			);
			mainGroup = 8341A76D1F8AEECF00497C0C;
			productRefGroup = 8341A7771F8AEECF00497C0C /* Products */;
			projectDirPath = "";
			projectRoot = "";
			targets = (
				8341A7751F8AEECF00497C0C /* WUPHF */,
			);
		};
/* End PBXProject section */

/* Begin PBXResourcesBuildPhase section */
		8341A7741F8AEECF00497C0C /* Resources */ = {
			isa = PBXResourcesBuildPhase;
			buildActionMask = 2147483647;
			files = (
				83EFCF2F1FA83C0500B16B97 /* App.plist in Resources */,
				8341A7871F8AEECF00497C0C /* LaunchScreen.storyboard in Resources */,
				8341A7841F8AEECF00497C0C /* Assets.xcassets in Resources */,
				8341A77F1F8AEECF00497C0C /* Main.storyboard in Resources */,
			);
			runOnlyForDeploymentPostprocessing = 0;
		};
/* End PBXResourcesBuildPhase section */

/* Begin PBXShellScriptBuildPhase section */
		3E7C36D59597DDA3B480E99D /* [CP] Copy Pods Resources */ = {
			isa = PBXShellScriptBuildPhase;
			buildActionMask = 2147483647;
			files = (
			);
			inputPaths = (
			);
			name = "[CP] Copy Pods Resources";
			outputPaths = (
			);
			runOnlyForDeploymentPostprocessing = 0;
			shellPath = /bin/sh;
			shellScript = "\"${SRCROOT}/Pods/Target Support Files/Pods-WUPHF/Pods-WUPHF-resources.sh\"\n";
			showEnvVarsInLog = 0;
		};
		4763A4D65908838AA9CCC6D4 /* [CP] Embed Pods Frameworks */ = {
			isa = PBXShellScriptBuildPhase;
			buildActionMask = 2147483647;
			files = (
			);
			inputPaths = (
				"${SRCROOT}/Pods/Target Support Files/Pods-WUPHF/Pods-WUPHF-frameworks.sh",
				"${BUILT_PRODUCTS_DIR}/Alamofire/Alamofire.framework",
				"${BUILT_PRODUCTS_DIR}/KeychainSwift/KeychainSwift.framework",
			);
			name = "[CP] Embed Pods Frameworks";
			outputPaths = (
				"${TARGET_BUILD_DIR}/${FRAMEWORKS_FOLDER_PATH}/Alamofire.framework",
				"${TARGET_BUILD_DIR}/${FRAMEWORKS_FOLDER_PATH}/KeychainSwift.framework",
			);
			runOnlyForDeploymentPostprocessing = 0;
			shellPath = /bin/sh;
			shellScript = "\"${SRCROOT}/Pods/Target Support Files/Pods-WUPHF/Pods-WUPHF-frameworks.sh\"\n";
			showEnvVarsInLog = 0;
		};
		F4816645B17EB372C630080C /* [CP] Check Pods Manifest.lock */ = {
			isa = PBXShellScriptBuildPhase;
			buildActionMask = 2147483647;
			files = (
			);
			inputPaths = (
				"${PODS_PODFILE_DIR_PATH}/Podfile.lock",
				"${PODS_ROOT}/Manifest.lock",
			);
			name = "[CP] Check Pods Manifest.lock";
			outputPaths = (
				"$(DERIVED_FILE_DIR)/Pods-WUPHF-checkManifestLockResult.txt",
			);
			runOnlyForDeploymentPostprocessing = 0;
			shellPath = /bin/sh;
			shellScript = "diff \"${PODS_PODFILE_DIR_PATH}/Podfile.lock\" \"${PODS_ROOT}/Manifest.lock\" > /dev/null\nif [ $? != 0 ] ; then\n    # print error to STDERR\n    echo \"error: The sandbox is not in sync with the Podfile.lock. Run 'pod install' or update your CocoaPods installation.\" >&2\n    exit 1\nfi\n# This output is used by Xcode 'outputs' to avoid re-running this script phase.\necho \"SUCCESS\" > \"${SCRIPT_OUTPUT_FILE_0}\"\n";
			showEnvVarsInLog = 0;
		};
/* End PBXShellScriptBuildPhase section */

/* Begin PBXSourcesBuildPhase section */
		8341A7721F8AEECF00497C0C /* Sources */ = {
			isa = PBXSourcesBuildPhase;
			buildActionMask = 2147483647;
			files = (
				4488C6221FA6930200E667A7 /* CreateAccountViewController.swift in Sources */,
				8341A7821F8AEECF00497C0C /* WUPHF.xcdatamodeld in Sources */,
				8341A77C1F8AEECF00497C0C /* ViewController.swift in Sources */,
				83EFCF331FA83C0500B16B97 /* APIHandler.swift in Sources */,
				44B4428C1FA6A79400D9F58E /* LoginViewController.swift in Sources */,
				8341A77A1F8AEECF00497C0C /* AppDelegate.swift in Sources */,
				83EFCF351FA83C0500B16B97 /* User.swift in Sources */,
			);
			runOnlyForDeploymentPostprocessing = 0;
		};
/* End PBXSourcesBuildPhase section */

/* Begin PBXVariantGroup section */
		8341A77D1F8AEECF00497C0C /* Main.storyboard */ = {
			isa = PBXVariantGroup;
			children = (
				8341A77E1F8AEECF00497C0C /* Base */,
			);
			name = Main.storyboard;
			sourceTree = "<group>";
		};
		8341A7851F8AEECF00497C0C /* LaunchScreen.storyboard */ = {
			isa = PBXVariantGroup;
			children = (
				8341A7861F8AEECF00497C0C /* Base */,
			);
			name = LaunchScreen.storyboard;
			sourceTree = "<group>";
		};
/* End PBXVariantGroup section */

/* Begin XCBuildConfiguration section */
		8341A7891F8AEECF00497C0C /* Debug */ = {
			isa = XCBuildConfiguration;
			buildSettings = {
				ALWAYS_SEARCH_USER_PATHS = NO;
				CLANG_ANALYZER_NONNULL = YES;
				CLANG_ANALYZER_NUMBER_OBJECT_CONVERSION = YES_AGGRESSIVE;
				CLANG_CXX_LANGUAGE_STANDARD = "gnu++14";
				CLANG_CXX_LIBRARY = "libc++";
				CLANG_ENABLE_MODULES = YES;
				CLANG_ENABLE_OBJC_ARC = YES;
				CLANG_WARN_BLOCK_CAPTURE_AUTORELEASING = YES;
				CLANG_WARN_BOOL_CONVERSION = YES;
				CLANG_WARN_COMMA = YES;
				CLANG_WARN_CONSTANT_CONVERSION = YES;
				CLANG_WARN_DIRECT_OBJC_ISA_USAGE = YES_ERROR;
				CLANG_WARN_DOCUMENTATION_COMMENTS = YES;
				CLANG_WARN_EMPTY_BODY = YES;
				CLANG_WARN_ENUM_CONVERSION = YES;
				CLANG_WARN_INFINITE_RECURSION = YES;
				CLANG_WARN_INT_CONVERSION = YES;
				CLANG_WARN_NON_LITERAL_NULL_CONVERSION = YES;
				CLANG_WARN_OBJC_LITERAL_CONVERSION = YES;
				CLANG_WARN_OBJC_ROOT_CLASS = YES_ERROR;
				CLANG_WARN_RANGE_LOOP_ANALYSIS = YES;
				CLANG_WARN_STRICT_PROTOTYPES = YES;
				CLANG_WARN_SUSPICIOUS_MOVE = YES;
				CLANG_WARN_UNGUARDED_AVAILABILITY = YES_AGGRESSIVE;
				CLANG_WARN_UNREACHABLE_CODE = YES;
				CLANG_WARN__DUPLICATE_METHOD_MATCH = YES;
				CODE_SIGN_IDENTITY = "iPhone Developer";
				COPY_PHASE_STRIP = NO;
				DEBUG_INFORMATION_FORMAT = dwarf;
				ENABLE_STRICT_OBJC_MSGSEND = YES;
				ENABLE_TESTABILITY = YES;
				GCC_C_LANGUAGE_STANDARD = gnu11;
				GCC_DYNAMIC_NO_PIC = NO;
				GCC_NO_COMMON_BLOCKS = YES;
				GCC_OPTIMIZATION_LEVEL = 0;
				GCC_PREPROCESSOR_DEFINITIONS = (
					"DEBUG=1",
					"$(inherited)",
				);
				GCC_WARN_64_TO_32_BIT_CONVERSION = YES;
				GCC_WARN_ABOUT_RETURN_TYPE = YES_ERROR;
				GCC_WARN_UNDECLARED_SELECTOR = YES;
				GCC_WARN_UNINITIALIZED_AUTOS = YES_AGGRESSIVE;
				GCC_WARN_UNUSED_FUNCTION = YES;
				GCC_WARN_UNUSED_VARIABLE = YES;
				IPHONEOS_DEPLOYMENT_TARGET = 11.0;
				MTL_ENABLE_DEBUG_INFO = YES;
				ONLY_ACTIVE_ARCH = YES;
				SDKROOT = iphoneos;
				SWIFT_ACTIVE_COMPILATION_CONDITIONS = DEBUG;
				SWIFT_OPTIMIZATION_LEVEL = "-Onone";
			};
			name = Debug;
		};
		8341A78A1F8AEECF00497C0C /* Release */ = {
			isa = XCBuildConfiguration;
			buildSettings = {
				ALWAYS_SEARCH_USER_PATHS = NO;
				CLANG_ANALYZER_NONNULL = YES;
				CLANG_ANALYZER_NUMBER_OBJECT_CONVERSION = YES_AGGRESSIVE;
				CLANG_CXX_LANGUAGE_STANDARD = "gnu++14";
				CLANG_CXX_LIBRARY = "libc++";
				CLANG_ENABLE_MODULES = YES;
				CLANG_ENABLE_OBJC_ARC = YES;
				CLANG_WARN_BLOCK_CAPTURE_AUTORELEASING = YES;
				CLANG_WARN_BOOL_CONVERSION = YES;
				CLANG_WARN_COMMA = YES;
				CLANG_WARN_CONSTANT_CONVERSION = YES;
				CLANG_WARN_DIRECT_OBJC_ISA_USAGE = YES_ERROR;
				CLANG_WARN_DOCUMENTATION_COMMENTS = YES;
				CLANG_WARN_EMPTY_BODY = YES;
				CLANG_WARN_ENUM_CONVERSION = YES;
				CLANG_WARN_INFINITE_RECURSION = YES;
				CLANG_WARN_INT_CONVERSION = YES;
				CLANG_WARN_NON_LITERAL_NULL_CONVERSION = YES;
				CLANG_WARN_OBJC_LITERAL_CONVERSION = YES;
				CLANG_WARN_OBJC_ROOT_CLASS = YES_ERROR;
				CLANG_WARN_RANGE_LOOP_ANALYSIS = YES;
				CLANG_WARN_STRICT_PROTOTYPES = YES;
				CLANG_WARN_SUSPICIOUS_MOVE = YES;
				CLANG_WARN_UNGUARDED_AVAILABILITY = YES_AGGRESSIVE;
				CLANG_WARN_UNREACHABLE_CODE = YES;
				CLANG_WARN__DUPLICATE_METHOD_MATCH = YES;
				CODE_SIGN_IDENTITY = "iPhone Developer";
				COPY_PHASE_STRIP = NO;
				DEBUG_INFORMATION_FORMAT = "dwarf-with-dsym";
				ENABLE_NS_ASSERTIONS = NO;
				ENABLE_STRICT_OBJC_MSGSEND = YES;
				GCC_C_LANGUAGE_STANDARD = gnu11;
				GCC_NO_COMMON_BLOCKS = YES;
				GCC_WARN_64_TO_32_BIT_CONVERSION = YES;
				GCC_WARN_ABOUT_RETURN_TYPE = YES_ERROR;
				GCC_WARN_UNDECLARED_SELECTOR = YES;
				GCC_WARN_UNINITIALIZED_AUTOS = YES_AGGRESSIVE;
				GCC_WARN_UNUSED_FUNCTION = YES;
				GCC_WARN_UNUSED_VARIABLE = YES;
				IPHONEOS_DEPLOYMENT_TARGET = 11.0;
				MTL_ENABLE_DEBUG_INFO = NO;
				SDKROOT = iphoneos;
				SWIFT_OPTIMIZATION_LEVEL = "-Owholemodule";
				VALIDATE_PRODUCT = YES;
			};
			name = Release;
		};
		8341A78C1F8AEECF00497C0C /* Debug */ = {
			isa = XCBuildConfiguration;
			baseConfigurationReference = 149E08DD5BE60B7512985E33 /* Pods-WUPHF.debug.xcconfig */;
			buildSettings = {
				ASSETCATALOG_COMPILER_APPICON_NAME = AppIcon;
				CODE_SIGN_STYLE = Automatic;
				INFOPLIST_FILE = WUPHF/Info.plist;
				LD_RUNPATH_SEARCH_PATHS = "$(inherited) @executable_path/Frameworks";
				PRODUCT_BUNDLE_IDENTIFIER = com.WUPHF;
				PRODUCT_NAME = "$(TARGET_NAME)";
				SWIFT_VERSION = 4.0;
				TARGETED_DEVICE_FAMILY = "1,2";
			};
			name = Debug;
		};
		8341A78D1F8AEECF00497C0C /* Release */ = {
			isa = XCBuildConfiguration;
			baseConfigurationReference = 137DD445024253F5B7245463 /* Pods-WUPHF.release.xcconfig */;
			buildSettings = {
				ASSETCATALOG_COMPILER_APPICON_NAME = AppIcon;
				CODE_SIGN_STYLE = Automatic;
				INFOPLIST_FILE = WUPHF/Info.plist;
				LD_RUNPATH_SEARCH_PATHS = "$(inherited) @executable_path/Frameworks";
				PRODUCT_BUNDLE_IDENTIFIER = com.WUPHF;
				PRODUCT_NAME = "$(TARGET_NAME)";
				SWIFT_VERSION = 4.0;
				TARGETED_DEVICE_FAMILY = "1,2";
			};
			name = Release;
		};
/* End XCBuildConfiguration section */

/* Begin XCConfigurationList section */
		8341A7711F8AEECF00497C0C /* Build configuration list for PBXProject "WUPHF" */ = {
			isa = XCConfigurationList;
			buildConfigurations = (
				8341A7891F8AEECF00497C0C /* Debug */,
				8341A78A1F8AEECF00497C0C /* Release */,
			);
			defaultConfigurationIsVisible = 0;
			defaultConfigurationName = Release;
		};
		8341A78B1F8AEECF00497C0C /* Build configuration list for PBXNativeTarget "WUPHF" */ = {
			isa = XCConfigurationList;
			buildConfigurations = (
				8341A78C1F8AEECF00497C0C /* Debug */,
				8341A78D1F8AEECF00497C0C /* Release */,
			);
			defaultConfigurationIsVisible = 0;
			defaultConfigurationName = Release;
		};
/* End XCConfigurationList section */

/* Begin XCVersionGroup section */
		8341A7801F8AEECF00497C0C /* WUPHF.xcdatamodeld */ = {
			isa = XCVersionGroup;
			children = (
				8341A7811F8AEECF00497C0C /* WUPHF.xcdatamodel */,
			);
			currentVersion = 8341A7811F8AEECF00497C0C /* WUPHF.xcdatamodel */;
			path = WUPHF.xcdatamodeld;
			sourceTree = "<group>";
			versionGroupType = wrapper.xcdatamodel;
		};
/* End XCVersionGroup section */
	};
	rootObject = 8341A76E1F8AEECF00497C0C /* Project object */;
}
